
Microsoft Visual Studio Solution File, Format Version 12.00
# Visual Studio Version 17
VisualStudioVersion = 17.0.31903.59
MinimumVisualStudioVersion = 10.0.40219.1
Project("{FAE04EC0-301F-11D3-BF4B-00C04F79EFBC}") = "Gudena.Api", "Gudena.Api\Gudena.Api.csproj", "{8A03820D-3B30-487A-AF5C-6F4B035A057A}"
EndProject
Project("{FAE04EC0-301F-11D3-BF4B-00C04F79EFBC}") = "Gudena.Data", "Gudena.Data\Gudena.Data.csproj", "{C726D889-337C-44F0-BAB6-42472596F531}"
EndProject
Project("{FAE04EC0-301F-11D3-BF4B-00C04F79EFBC}") = "GudenaPortal.Tests", "GudenaPortal.Tests\GudenaPortal.Tests.csproj", "{6BE0D9C9-3FAC-43A6-8831-229E734D2A90}"
EndProject
Global
	GlobalSection(SolutionConfigurationPlatforms) = preSolution
		Debug|Any CPU = Debug|Any CPU
		Debug|x64 = Debug|x64
		Debug|x86 = Debug|x86
		Release|Any CPU = Release|Any CPU
		Release|x64 = Release|x64
		Release|x86 = Release|x86
	EndGlobalSection
	GlobalSection(ProjectConfigurationPlatforms) = postSolution
		{8A03820D-3B30-487A-AF5C-6F4B035A057A}.Debug|Any CPU.ActiveCfg = Debug|Any CPU
		{8A03820D-3B30-487A-AF5C-6F4B035A057A}.Debug|Any CPU.Build.0 = Debug|Any CPU
		{8A03820D-3B30-487A-AF5C-6F4B035A057A}.Debug|x64.ActiveCfg = Debug|Any CPU
		{8A03820D-3B30-487A-AF5C-6F4B035A057A}.Debug|x64.Build.0 = Debug|Any CPU
		{8A03820D-3B30-487A-AF5C-6F4B035A057A}.Debug|x86.ActiveCfg = Debug|Any CPU
		{8A03820D-3B30-487A-AF5C-6F4B035A057A}.Debug|x86.Build.0 = Debug|Any CPU
		{8A03820D-3B30-487A-AF5C-6F4B035A057A}.Release|Any CPU.ActiveCfg = Release|Any CPU
		{8A03820D-3B30-487A-AF5C-6F4B035A057A}.Release|Any CPU.Build.0 = Release|Any CPU
		{8A03820D-3B30-487A-AF5C-6F4B035A057A}.Release|x64.ActiveCfg = Release|Any CPU
		{8A03820D-3B30-487A-AF5C-6F4B035A057A}.Release|x64.Build.0 = Release|Any CPU
		{8A03820D-3B30-487A-AF5C-6F4B035A057A}.Release|x86.ActiveCfg = Release|Any CPU
		{8A03820D-3B30-487A-AF5C-6F4B035A057A}.Release|x86.Build.0 = Release|Any CPU
		{C726D889-337C-44F0-BAB6-42472596F531}.Debug|Any CPU.ActiveCfg = Debug|Any CPU
		{C726D889-337C-44F0-BAB6-42472596F531}.Debug|Any CPU.Build.0 = Debug|Any CPU
		{C726D889-337C-44F0-BAB6-42472596F531}.Debug|x64.ActiveCfg = Debug|Any CPU
		{C726D889-337C-44F0-BAB6-42472596F531}.Debug|x64.Build.0 = Debug|Any CPU
		{C726D889-337C-44F0-BAB6-42472596F531}.Debug|x86.ActiveCfg = Debug|Any CPU
		{C726D889-337C-44F0-BAB6-42472596F531}.Debug|x86.Build.0 = Debug|Any CPU
		{C726D889-337C-44F0-BAB6-42472596F531}.Release|Any CPU.ActiveCfg = Release|Any CPU
		{C726D889-337C-44F0-BAB6-42472596F531}.Release|Any CPU.Build.0 = Release|Any CPU
		{C726D889-337C-44F0-BAB6-42472596F531}.Release|x64.ActiveCfg = Release|Any CPU
		{C726D889-337C-44F0-BAB6-42472596F531}.Release|x64.Build.0 = Release|Any CPU
		{C726D889-337C-44F0-BAB6-42472596F531}.Release|x86.ActiveCfg = Release|Any CPU
		{C726D889-337C-44F0-BAB6-42472596F531}.Release|x86.Build.0 = Release|Any CPU
		{6BE0D9C9-3FAC-43A6-8831-229E734D2A90}.Debug|Any CPU.ActiveCfg = Debug|Any CPU
		{6BE0D9C9-3FAC-43A6-8831-229E734D2A90}.Debug|Any CPU.Build.0 = Debug|Any CPU
		{6BE0D9C9-3FAC-43A6-8831-229E734D2A90}.Debug|x64.ActiveCfg = Debug|Any CPU
		{6BE0D9C9-3FAC-43A6-8831-229E734D2A90}.Debug|x64.Build.0 = Debug|Any CPU
		{6BE0D9C9-3FAC-43A6-8831-229E734D2A90}.Debug|x86.ActiveCfg = Debug|Any CPU
		{6BE0D9C9-3FAC-43A6-8831-229E734D2A90}.Debug|x86.Build.0 = Debug|Any CPU
		{6BE0D9C9-3FAC-43A6-8831-229E734D2A90}.Release|Any CPU.ActiveCfg = Release|Any CPU
		{6BE0D9C9-3FAC-43A6-8831-229E734D2A90}.Release|Any CPU.Build.0 = Release|Any CPU
		{6BE0D9C9-3FAC-43A6-8831-229E734D2A90}.Release|x64.ActiveCfg = Release|Any CPU
		{6BE0D9C9-3FAC-43A6-8831-229E734D2A90}.Release|x64.Build.0 = Release|Any CPU
		{6BE0D9C9-3FAC-43A6-8831-229E734D2A90}.Release|x86.ActiveCfg = Release|Any CPU
		{6BE0D9C9-3FAC-43A6-8831-229E734D2A90}.Release|x86.Build.0 = Release|Any CPU
	EndGlobalSection
	GlobalSection(SolutionProperties) = preSolution
		HideSolutionNode = FALSE
	EndGlobalSection
EndGlobal
